
Microsoft Visual Studio Solution File, Format Version 12.00
# Visual Studio 2012
Project("{FAE04EC0-301F-11D3-BF4B-00C04F79EFBC}") = "ICT13580049A2", "ICT13580049A2\ICT13580049A2.csproj", "{F8066354-7557-4298-810D-2D08E6015C7E}"
EndProject
Project("{FAE04EC0-301F-11D3-BF4B-00C04F79EFBC}") = "ICT13580049A2.iOS", "iOS\ICT13580049A2.iOS.csproj", "{B4BA18A9-6951-4032-9875-22984CA9796F}"
EndProject
Global
	GlobalSection(SolutionConfigurationPlatforms) = preSolution
		Debug|Any CPU = Debug|Any CPU
		Release|Any CPU = Release|Any CPU
		Debug|iPhoneSimulator = Debug|iPhoneSimulator
		Release|iPhone = Release|iPhone
		Release|iPhoneSimulator = Release|iPhoneSimulator
		Debug|iPhone = Debug|iPhone
	EndGlobalSection
	GlobalSection(ProjectConfigurationPlatforms) = postSolution
		{F8066354-7557-4298-810D-2D08E6015C7E}.Debug|Any CPU.ActiveCfg = Debug|Any CPU
		{F8066354-7557-4298-810D-2D08E6015C7E}.Debug|Any CPU.Build.0 = Debug|Any CPU
		{F8066354-7557-4298-810D-2D08E6015C7E}.Release|Any CPU.ActiveCfg = Release|Any CPU
		{F8066354-7557-4298-810D-2D08E6015C7E}.Release|Any CPU.Build.0 = Release|Any CPU
		{F8066354-7557-4298-810D-2D08E6015C7E}.Debug|iPhoneSimulator.ActiveCfg = Debug|Any CPU
		{F8066354-7557-4298-810D-2D08E6015C7E}.Debug|iPhoneSimulator.Build.0 = Debug|Any CPU
		{F8066354-7557-4298-810D-2D08E6015C7E}.Release|iPhone.ActiveCfg = Release|Any CPU
		{F8066354-7557-4298-810D-2D08E6015C7E}.Release|iPhone.Build.0 = Release|Any CPU
		{F8066354-7557-4298-810D-2D08E6015C7E}.Release|iPhoneSimulator.ActiveCfg = Release|Any CPU
		{F8066354-7557-4298-810D-2D08E6015C7E}.Release|iPhoneSimulator.Build.0 = Release|Any CPU
		{F8066354-7557-4298-810D-2D08E6015C7E}.Debug|iPhone.ActiveCfg = Debug|Any CPU
		{F8066354-7557-4298-810D-2D08E6015C7E}.Debug|iPhone.Build.0 = Debug|Any CPU
		{B4BA18A9-6951-4032-9875-22984CA9796F}.Debug|Any CPU.ActiveCfg = Debug|iPhoneSimulator
		{B4BA18A9-6951-4032-9875-22984CA9796F}.Debug|Any CPU.Build.0 = Debug|iPhoneSimulator
		{B4BA18A9-6951-4032-9875-22984CA9796F}.Release|Any CPU.ActiveCfg = Release|iPhone
		{B4BA18A9-6951-4032-9875-22984CA9796F}.Release|Any CPU.Build.0 = Release|iPhone
		{B4BA18A9-6951-4032-9875-22984CA9796F}.Debug|iPhoneSimulator.ActiveCfg = Debug|iPhoneSimulator
		{B4BA18A9-6951-4032-9875-22984CA9796F}.Debug|iPhoneSimulator.Build.0 = Debug|iPhoneSimulator
		{B4BA18A9-6951-4032-9875-22984CA9796F}.Release|iPhone.ActiveCfg = Release|iPhone
		{B4BA18A9-6951-4032-9875-22984CA9796F}.Release|iPhone.Build.0 = Release|iPhone
		{B4BA18A9-6951-4032-9875-22984CA9796F}.Release|iPhoneSimulator.ActiveCfg = Release|iPhoneSimulator
		{B4BA18A9-6951-4032-9875-22984CA9796F}.Release|iPhoneSimulator.Build.0 = Release|iPhoneSimulator
		{B4BA18A9-6951-4032-9875-22984CA9796F}.Debug|iPhone.ActiveCfg = Debug|iPhone
		{B4BA18A9-6951-4032-9875-22984CA9796F}.Debug|iPhone.Build.0 = Debug|iPhone
	EndGlobalSection
EndGlobal
